{
  "name": "frontend",
  "lockfileVersion": 3,
  "requires": true,
  "packages": {
    "": {
      "dependencies": {
        "@breezystack/lamejs": "^1.2.7",
        "extendable-media-recorder": "^9.2.31"
      }
    },
    "node_modules/@babel/runtime": {
      "version": "7.28.4",
      "resolved": "https://registry.npmjs.org/@babel/runtime/-/runtime-7.28.4.tgz",
      "integrity": "sha512-Q/N6JNWvIvPnLDvjlE1OUBLPQHH6l3CltCEsHIujp45zQUSSh8K+gHnaEX45yAT1nyngnINhvWtzN+Nb9D8RAQ==",
      "license": "MIT",
      "engines": {
        "node": ">=6.9.0"
      }
    },
    "node_modules/@breezystack/lamejs": {
      "version": "1.2.7",
      "resolved": "https://registry.npmjs.org/@breezystack/lamejs/-/lamejs-1.2.7.tgz",
      "integrity": "sha512-6wc7ck65ctA75Hq7FYHTtTvGnYs6msgdxiSUICQ+A01nVOWg6rqouZB8IdyteRlfpYYiFovkf67dIeOgWIUzTA==",
      "license": "LGPL-3.0"
    },
    "node_modules/automation-events": {
      "version": "7.1.13",
      "resolved": "https://registry.npmjs.org/automation-events/-/automation-events-7.1.13.tgz",
      "integrity": "sha512-1Hay5TQPzxsskSqPTH3YXyzE9Iirz82zZDse2vr3+kOR7Sc7om17qIEPsESchlNX0EgKxANwR40i2g/O3GM1Tw==",
      "license": "MIT",
      "dependencies": {
        "@babel/runtime": "^7.28.4",
        "tslib": "^2.8.1"
      },
      "engines": {
        "node": ">=18.2.0"
      }
    },
    "node_modules/broker-factory": {
      "version": "3.1.10",
      "resolved": "https://registry.npmjs.org/broker-factory/-/broker-factory-3.1.10.tgz",
      "integrity": "sha512-BzqK5GYFhvVFvO13uzPN0SCiOsOQuhMUbsGvTXDJMA2/N4GvIlFdxEuueE+60Zk841bBU5G3+fl2cqYEo0wgGg==",
      "license": "MIT",
      "dependencies": {
        "@babel/runtime": "^7.28.4",
        "fast-unique-numbers": "^9.0.24",
        "tslib": "^2.8.1",
        "worker-factory": "^7.0.46"
      }
    },
    "node_modules/extendable-media-recorder": {
      "version": "9.2.31",
      "resolved": "https://registry.npmjs.org/extendable-media-recorder/-/extendable-media-recorder-9.2.31.tgz",
      "integrity": "sha512-oznSghXWrRZcusZenD7aEsEnlEO/ZVOdIiNxyG53PlN3FZh8xXsR+TOzK8kPBEkfLg1twO/cO6qCqtJDQhWYng==",
      "license": "MIT",
      "dependencies": {
        "@babel/runtime": "^7.28.4",
        "media-encoder-host": "^9.0.23",
        "multi-buffer-data-view": "^6.0.24",
        "recorder-audio-worklet": "^6.0.51",
        "standardized-audio-context": "^25.3.77",
        "subscribable-things": "^2.1.55",
        "tslib": "^2.8.1"
      }
    },
    "node_modules/extendable-media-recorder-wav-encoder-broker": {
      "version": "7.0.122",
      "resolved": "https://registry.npmjs.org/extendable-media-recorder-wav-encoder-broker/-/extendable-media-recorder-wav-encoder-broker-7.0.122.tgz",
      "integrity": "sha512-vupumv22Zb7WsUJ/K16SYrRTs/aTPc+48Smgd0Cq16IzH8eR7BiScp7ciFva04uZlWZtCtnYz8uLGJWrN+rlyA==",
      "license": "MIT",
      "dependencies": {
        "@babel/runtime": "^7.28.4",
        "broker-factory": "^3.1.10",
        "extendable-media-recorder-wav-encoder-worker": "^8.0.119",
        "tslib": "^2.8.1"
      }
    },
    "node_modules/extendable-media-recorder-wav-encoder-worker": {
      "version": "8.0.119",
      "resolved": "https://registry.npmjs.org/extendable-media-recorder-wav-encoder-worker/-/extendable-media-recorder-wav-encoder-worker-8.0.119.tgz",
      "integrity": "sha512-7RRdga3SvQ5k/KLuFPxZJl3wBe9vhanBVZD/2+STwHxfHkbbh3VLKv3rjtH7h4F2OYOEGCLLKKcfI5LFWiXA7g==",
      "license": "MIT",
      "dependencies": {
        "@babel/runtime": "^7.28.4",
        "tslib": "^2.8.1",
        "worker-factory": "^7.0.46"
      }
    },
    "node_modules/fast-unique-numbers": {
      "version": "9.0.24",
      "resolved": "https://registry.npmjs.org/fast-unique-numbers/-/fast-unique-numbers-9.0.24.tgz",
      "integrity": "sha512-Dv0BYn4waOWse94j16rsZ5w/0zoaCa74O3q6IZjMqaXbtT92Q+Sb6pPk+phGzD8Xh+nueQmSRI3tSCaHKidzKw==",
      "license": "MIT",
      "dependencies": {
        "@babel/runtime": "^7.28.4",
        "tslib": "^2.8.1"
      },
      "engines": {
        "node": ">=18.2.0"
      }
    },
    "node_modules/media-encoder-host": {
      "version": "9.0.23",
      "resolved": "https://registry.npmjs.org/media-encoder-host/-/media-encoder-host-9.0.23.tgz",
      "integrity": "sha512-RwbZPP+RpuSWmAREOvyQLwsGqGxUHdBCmaWaQejrpOUzoFV05Xws71gHL9GszsF1W5zz2U/13+3i0aBC+mHGOg==",
      "license": "MIT",
      "dependencies": {
        "@babel/runtime": "^7.28.4",
        "media-encoder-host-broker": "^8.0.22",
        "media-encoder-host-worker": "^10.0.22",
        "tslib": "^2.8.1"
      }
    },
    "node_modules/media-encoder-host-broker": {
      "version": "8.0.22",
      "resolved": "https://registry.npmjs.org/media-encoder-host-broker/-/media-encoder-host-broker-8.0.22.tgz",
      "integrity": "sha512-c/JeVViD6WBh99PqEkhS85Lf/ZOe3FvNEu+rdWfRMIDg4tqrgZCGwuh/eiyv0kbQNRlNSEvJw0GbyHlkWt9TfQ==",
      "license": "MIT",
      "dependencies": {
        "@babel/runtime": "^7.28.4",
        "broker-factory": "^3.1.10",
        "fast-unique-numbers": "^9.0.24",
        "media-encoder-host-worker": "^10.0.22",
        "tslib": "^2.8.1"
      }
    },
    "node_modules/media-encoder-host-worker": {
      "version": "10.0.22",
      "resolved": "https://registry.npmjs.org/media-encoder-host-worker/-/media-encoder-host-worker-10.0.22.tgz",
      "integrity": "sha512-xoIBkv2aCFTkO1VnQEThD+55yqUcqdbLHXLyLihes1r65JN8qRemOK8gElyl3rUnhm8gaw1egLhwpy7+wp1zXw==",
      "license": "MIT",
      "dependencies": {
        "@babel/runtime": "^7.28.4",
        "extendable-media-recorder-wav-encoder-broker": "^7.0.122",
        "tslib": "^2.8.1",
        "worker-factory": "^7.0.46"
      }
    },
    "node_modules/multi-buffer-data-view": {
      "version": "6.0.24",
      "resolved": "https://registry.npmjs.org/multi-buffer-data-view/-/multi-buffer-data-view-6.0.24.tgz",
      "integrity": "sha512-cz5S5YlGBhQQpiaajm+gy49ydWQtnwCQnqmyFpHu17psNSI0PXzsEhhGoCRynPhjGy6Sbu0Hvb3Ja5X3Wk3bJA==",
      "license": "MIT",
      "dependencies": {
        "@babel/runtime": "^7.28.4",
        "tslib": "^2.8.1"
      },
      "engines": {
        "node": ">=18.2.0"
      }
    },
    "node_modules/recorder-audio-worklet": {
      "version": "6.0.51",
      "resolved": "https://registry.npmjs.org/recorder-audio-worklet/-/recorder-audio-worklet-6.0.51.tgz",
      "integrity": "sha512-Gv1WrfGd1zOeu4pvUZmaRZCrW1oLIb+WP+W5/FyyFfQVPu/Y0B40zKYnmuXQtrS0v8B5dvlmTiTQqXxjHf/2vA==",
      "license": "MIT",
      "dependencies": {
        "@babel/runtime": "^7.28.4",
        "broker-factory": "^3.1.10",
        "fast-unique-numbers": "^9.0.24",
        "recorder-audio-worklet-processor": "^5.0.37",
        "standardized-audio-context": "^25.3.77",
        "subscribable-things": "^2.1.55",
        "tslib": "^2.8.1",
        "worker-factory": "^7.0.46"
      }
    },
    "node_modules/recorder-audio-worklet-processor": {
      "version": "5.0.37",
      "resolved": "https://registry.npmjs.org/recorder-audio-worklet-processor/-/recorder-audio-worklet-processor-5.0.37.tgz",
      "integrity": "sha512-qVvw6Mt5CDijDWlsc6auZ6ZFWlZXo+y5HB1jyeE3OFS7ffry66iN4ZFRc7S9Du0FsVoQY1uchTUMrSIRPX7+ng==",
      "license": "MIT",
      "dependencies": {
        "@babel/runtime": "^7.28.4",
        "tslib": "^2.8.1"
      }
    },
    "node_modules/rxjs-interop": {
      "version": "2.0.0",
      "resolved": "https://registry.npmjs.org/rxjs-interop/-/rxjs-interop-2.0.0.tgz",
      "integrity": "sha512-ASEq9atUw7lualXB+knvgtvwkCEvGWV2gDD/8qnASzBkzEARZck9JAyxmY8OS6Nc1pCPEgDTKNcx+YqqYfzArw==",
      "license": "MIT"
    },
    "node_modules/standardized-audio-context": {
      "version": "25.3.77",
      "resolved": "https://registry.npmjs.org/standardized-audio-context/-/standardized-audio-context-25.3.77.tgz",
      "integrity": "sha512-Ki9zNz6pKcC5Pi+QPjPyVsD9GwJIJWgryji0XL9cAJXMGyn+dPOf6Qik1AHei0+UNVcc4BOCa0hWLBzlwqsW/A==",
      "license": "MIT",
      "dependencies": {
        "@babel/runtime": "^7.25.6",
        "automation-events": "^7.0.9",
        "tslib": "^2.7.0"
      }
    },
    "node_modules/subscribable-things": {
      "version": "2.1.55",
      "resolved": "https://registry.npmjs.org/subscribable-things/-/subscribable-things-2.1.55.tgz",
      "integrity": "sha512-WBx7R/NJYPOGX+cRpruSTFOYsMWOKBx+4cRKf0IowVXFGNDb2dF+215rwKtwk4eAa+QAv4HyTjL8jj/9Ks05pw==",
      "license": "MIT",
      "dependencies": {
        "@babel/runtime": "^7.28.4",
        "rxjs-interop": "^2.0.0",
        "tslib": "^2.8.1"
      }
    },
    "node_modules/tslib": {
      "version": "2.8.1",
      "resolved": "https://registry.npmjs.org/tslib/-/tslib-2.8.1.tgz",
      "integrity": "sha512-oJFu94HQb+KVduSUQL7wnpmqnfmLsOA/nAh6b6EH0wCEoK0/mPeXU6c3wKDV83MkOuHPRHtSXKKU99IBazS/2w==",
      "license": "0BSD"
    },
    "node_modules/worker-factory": {
      "version": "7.0.46",
      "resolved": "https://registry.npmjs.org/worker-factory/-/worker-factory-7.0.46.tgz",
      "integrity": "sha512-Sr1hq2FMgNa04UVhYQacsw+i58BtMimzDb4+CqYphZ97OfefRpURu0UZ+JxMr/H36VVJBfuVkxTK7MytsanC3w==",
      "license": "MIT",
      "dependencies": {
        "@babel/runtime": "^7.28.4",
        "fast-unique-numbers": "^9.0.24",
        "tslib": "^2.8.1"
      }
    }
  }
}
